{
  "name": "moa-club-plugin",
  "version": "1.0.0",
  "lockfileVersion": 2,
  "requires": true,
  "packages": {
    "": {
      "name": "moa-club-plugin",
      "version": "1.0.0",
      "license": "ISC",
      "devDependencies": {
        "@types/datatables.net": "^1.10.24",
        "@types/jquery": "^3.5.18",
        "@types/jqueryui": "^1.12.17"
      }
    },
    "node_modules/@types/datatables.net": {
      "version": "1.10.24",
      "resolved": "https://registry.npmjs.org/@types/datatables.net/-/datatables.net-1.10.24.tgz",
      "integrity": "sha512-Qb82/7Gn0bU36YLiv0MdaqKzhTLfRO9qPvFdkW0miQ6ATMG47aoPn2r//zTvGd3oPSt+Lzp1HSsjP6rZRuki8g==",
      "dev": true,
      "dependencies": {
        "@types/jquery": "*"
      }
    },
    "node_modules/@types/jquery": {
      "version": "3.5.18",
      "resolved": "https://registry.npmjs.org/@types/jquery/-/jquery-3.5.18.tgz",
      "integrity": "sha512-sNm7O6LECFhHmF+3KYo6QIl2fIbjlPYa0PDgDQwfOaEJzwpK20Eub9Ke7VKkGsSJ2K0HUR50S266qYzRX4GlSw==",
      "dev": true,
      "dependencies": {
        "@types/sizzle": "*"
      }
    },
    "node_modules/@types/jqueryui": {
      "version": "1.12.17",
      "resolved": "https://registry.npmjs.org/@types/jqueryui/-/jqueryui-1.12.17.tgz",
      "integrity": "sha512-rqiCaZO7d1rAcJVXNSV6MYwt42oB4ArTRr0QbU3f4+Siv0d6m9uRkhiKHpc6oL9NFJKDxzIIDvUeMXTtlJFFaA==",
      "dev": true,
      "dependencies": {
        "@types/jquery": "*"
      }
    },
    "node_modules/@types/sizzle": {
      "version": "2.3.3",
      "resolved": "https://registry.npmjs.org/@types/sizzle/-/sizzle-2.3.3.tgz",
      "integrity": "sha512-JYM8x9EGF163bEyhdJBpR2QX1R5naCJHC8ucJylJ3w9/CVBaskdQ8WqBf8MmQrd1kRvp/a4TS8HJ+bxzR7ZJYQ==",
      "dev": true
    }
  },
  "dependencies": {
    "@types/datatables.net": {
      "version": "1.10.24",
      "resolved": "https://registry.npmjs.org/@types/datatables.net/-/datatables.net-1.10.24.tgz",
      "integrity": "sha512-Qb82/7Gn0bU36YLiv0MdaqKzhTLfRO9qPvFdkW0miQ6ATMG47aoPn2r//zTvGd3oPSt+Lzp1HSsjP6rZRuki8g==",
      "dev": true,
      "requires": {
        "@types/jquery": "*"
      }
    },
    "@types/jquery": {
      "version": "3.5.18",
      "resolved": "https://registry.npmjs.org/@types/jquery/-/jquery-3.5.18.tgz",
      "integrity": "sha512-sNm7O6LECFhHmF+3KYo6QIl2fIbjlPYa0PDgDQwfOaEJzwpK20Eub9Ke7VKkGsSJ2K0HUR50S266qYzRX4GlSw==",
      "dev": true,
      "requires": {
        "@types/sizzle": "*"
      }
    },
    "@types/jqueryui": {
      "version": "1.12.17",
      "resolved": "https://registry.npmjs.org/@types/jqueryui/-/jqueryui-1.12.17.tgz",
      "integrity": "sha512-rqiCaZO7d1rAcJVXNSV6MYwt42oB4ArTRr0QbU3f4+Siv0d6m9uRkhiKHpc6oL9NFJKDxzIIDvUeMXTtlJFFaA==",
      "dev": true,
      "requires": {
        "@types/jquery": "*"
      }
    },
    "@types/sizzle": {
      "version": "2.3.3",
      "resolved": "https://registry.npmjs.org/@types/sizzle/-/sizzle-2.3.3.tgz",
      "integrity": "sha512-JYM8x9EGF163bEyhdJBpR2QX1R5naCJHC8ucJylJ3w9/CVBaskdQ8WqBf8MmQrd1kRvp/a4TS8HJ+bxzR7ZJYQ==",
      "dev": true
    }
  }
}
